{
  "name": "shelter-for-rolling-scopes-school-1",
  "lockfileVersion": 2,
  "requires": true,
  "packages": {
    "": {
      "dependencies": {
        "lodash": "^4.17.21",
        "pagination": "^0.4.6"
      }
    },
    "node_modules/lodash": {
      "version": "4.17.21",
      "resolved": "https://registry.npmjs.org/lodash/-/lodash-4.17.21.tgz",
      "integrity": "sha512-v2kDEe57lecTulaDIuNTPy3Ry4gLGJ6Z1O3vE1krgXZNrsQ+LFTGHVxVjcXPs17LhbZVGedAJv8XZ1tvj5FvSg=="
    },
    "node_modules/pagination": {
      "version": "0.4.6",
      "resolved": "https://registry.npmjs.org/pagination/-/pagination-0.4.6.tgz",
      "integrity": "sha512-TnZ3l17uuC5H9Wlc9FMYuEi65JlUCSn1ZAbnLnvUGkR7RgaFknUNGQTEumhjq1Jy1ePkXSiYUFFbHH70LGb9dA=="
    }
  },
  "dependencies": {
    "lodash": {
      "version": "4.17.21",
      "resolved": "https://registry.npmjs.org/lodash/-/lodash-4.17.21.tgz",
      "integrity": "sha512-v2kDEe57lecTulaDIuNTPy3Ry4gLGJ6Z1O3vE1krgXZNrsQ+LFTGHVxVjcXPs17LhbZVGedAJv8XZ1tvj5FvSg=="
    },
    "pagination": {
      "version": "0.4.6",
      "resolved": "https://registry.npmjs.org/pagination/-/pagination-0.4.6.tgz",
      "integrity": "sha512-TnZ3l17uuC5H9Wlc9FMYuEi65JlUCSn1ZAbnLnvUGkR7RgaFknUNGQTEumhjq1Jy1ePkXSiYUFFbHH70LGb9dA=="
    }
  }
}
